// !$*UTF8*$!
{
	archiveVersion = 1;
	classes = {
	};
	objectVersion = 56;
	objects = {

/* Begin PBXBuildFile section */
		6A3358FB2B5A103500DE10DC /* hikeData.json in Resources */ = {isa = PBXBuildFile; fileRef = 6A3358FA2B5A103500DE10DC /* hikeData.json */; };
		6A3358FE2B5A10B200DE10DC /* Hike.swift in Sources */ = {isa = PBXBuildFile; fileRef = 6A3358FD2B5A10B200DE10DC /* Hike.swift */; };
		6A3359032B5A18EF00DE10DC /* GraphCapsule.swift in Sources */ = {isa = PBXBuildFile; fileRef = 6A3358FF2B5A18EF00DE10DC /* GraphCapsule.swift */; };
		6A3359042B5A18EF00DE10DC /* HikeGraph.swift in Sources */ = {isa = PBXBuildFile; fileRef = 6A3359002B5A18EF00DE10DC /* HikeGraph.swift */; };
		6A3359052B5A18EF00DE10DC /* HikeDetail.swift in Sources */ = {isa = PBXBuildFile; fileRef = 6A3359012B5A18EF00DE10DC /* HikeDetail.swift */; };
		6A3359062B5A18EF00DE10DC /* HikeView.swift in Sources */ = {isa = PBXBuildFile; fileRef = 6A3359022B5A18EF00DE10DC /* HikeView.swift */; };
		6A4882702B83B4AA00C2A6F7 /* LandmarkList.swift in Sources */ = {isa = PBXBuildFile; fileRef = 6A48826F2B83B4AA00C2A6F7 /* LandmarkList.swift */; };
		6A4882722B83BD5000C2A6F7 /* LandmarkComands.swift in Sources */ = {isa = PBXBuildFile; fileRef = 6A4882712B83BD5000C2A6F7 /* LandmarkComands.swift */; };
		6A4882732B83BD5A00C2A6F7 /* LandmarkComands.swift in Sources */ = {isa = PBXBuildFile; fileRef = 6A4882712B83BD5000C2A6F7 /* LandmarkComands.swift */; };
		6A4882752B83E43500C2A6F7 /* LandmarkSettings.swift in Sources */ = {isa = PBXBuildFile; fileRef = 6A4882742B83E43500C2A6F7 /* LandmarkSettings.swift */; };
		6A5927202B75001800A0AEFB /* landmarkData.json in Resources */ = {isa = PBXBuildFile; fileRef = 6A83D1C42B24B9B4000B1A74 /* landmarkData.json */; };
		6A5927212B75001800A0AEFB /* Assets.xcassets in Resources */ = {isa = PBXBuildFile; fileRef = 6A83D1A12B24A14F000B1A74 /* Assets.xcassets */; };
		6A5927222B75001800A0AEFB /* hikeData.json in Resources */ = {isa = PBXBuildFile; fileRef = 6A3358FA2B5A103500DE10DC /* hikeData.json */; };
		6A5927242B7504A500A0AEFB /* NotificationView.swift in Sources */ = {isa = PBXBuildFile; fileRef = 6A5927232B7504A500A0AEFB /* NotificationView.swift */; };
		6A5927262B75068300A0AEFB /* NotificationController.swift in Sources */ = {isa = PBXBuildFile; fileRef = 6A5927252B75068300A0AEFB /* NotificationController.swift */; };
		6A83D19E2B24A14E000B1A74 /* SwiftUITestApp.swift in Sources */ = {isa = PBXBuildFile; fileRef = 6A83D19D2B24A14E000B1A74 /* SwiftUITestApp.swift */; };
		6A83D1A02B24A14E000B1A74 /* ContentView.swift in Sources */ = {isa = PBXBuildFile; fileRef = 6A83D19F2B24A14E000B1A74 /* ContentView.swift */; };
		6A83D1A22B24A14F000B1A74 /* Assets.xcassets in Resources */ = {isa = PBXBuildFile; fileRef = 6A83D1A12B24A14F000B1A74 /* Assets.xcassets */; };
		6A83D1A52B24A14F000B1A74 /* Preview Assets.xcassets in Resources */ = {isa = PBXBuildFile; fileRef = 6A83D1A42B24A14F000B1A74 /* Preview Assets.xcassets */; };
		6A83D1AC2B24A4D8000B1A74 /* CircleImage.swift in Sources */ = {isa = PBXBuildFile; fileRef = 6A83D1AB2B24A4D8000B1A74 /* CircleImage.swift */; };
		6A83D1AE2B24A5D3000B1A74 /* MapView.swift in Sources */ = {isa = PBXBuildFile; fileRef = 6A83D1AD2B24A5D3000B1A74 /* MapView.swift */; };
		6A83D1C22B24B8E0000B1A74 /* Landmark.swift in Sources */ = {isa = PBXBuildFile; fileRef = 6A83D1C12B24B8E0000B1A74 /* Landmark.swift */; };
		6A83D1C52B24B9B4000B1A74 /* landmarkData.json in Resources */ = {isa = PBXBuildFile; fileRef = 6A83D1C42B24B9B4000B1A74 /* landmarkData.json */; };
		6A83D1C72B24BA1A000B1A74 /* ModelData.swift in Sources */ = {isa = PBXBuildFile; fileRef = 6A83D1C62B24BA1A000B1A74 /* ModelData.swift */; };
		6A83D1C92B24BA5C000B1A74 /* LandmarkRow.swift in Sources */ = {isa = PBXBuildFile; fileRef = 6A83D1C82B24BA5C000B1A74 /* LandmarkRow.swift */; };
		6A83D1CB2B24BC5D000B1A74 /* LandmarkList.swift in Sources */ = {isa = PBXBuildFile; fileRef = 6A83D1CA2B24BC5D000B1A74 /* LandmarkList.swift */; };
		6A83D1CD2B24BCED000B1A74 /* LandmarkDetail.swift in Sources */ = {isa = PBXBuildFile; fileRef = 6A83D1CC2B24BCED000B1A74 /* LandmarkDetail.swift */; };
		6A8874262B56211B00A68E0C /* HexagonParameters.swift in Sources */ = {isa = PBXBuildFile; fileRef = 6A8874252B56211B00A68E0C /* HexagonParameters.swift */; };
		6A8874282B5622BC00A68E0C /* BadgeBackground.swift in Sources */ = {isa = PBXBuildFile; fileRef = 6A8874272B5622BC00A68E0C /* BadgeBackground.swift */; };
		6A88742A2B562B5500A68E0C /* BadgeSymbol.swift in Sources */ = {isa = PBXBuildFile; fileRef = 6A8874292B562B5500A68E0C /* BadgeSymbol.swift */; };
		6A88742C2B562E4D00A68E0C /* RotatedBadgeSymbol.swift in Sources */ = {isa = PBXBuildFile; fileRef = 6A88742B2B562E4D00A68E0C /* RotatedBadgeSymbol.swift */; };
		6A88742E2B562EFE00A68E0C /* Badge.swift in Sources */ = {isa = PBXBuildFile; fileRef = 6A88742D2B562EFE00A68E0C /* Badge.swift */; };
		6A8947FA2B6BC02100846F74 /* PageControl.swift in Sources */ = {isa = PBXBuildFile; fileRef = 6A8947F92B6BC02100846F74 /* PageControl.swift */; };
		6AA3972D2B67C49500D4ED8D /* Profile.swift in Sources */ = {isa = PBXBuildFile; fileRef = 6AA3972C2B67C49500D4ED8D /* Profile.swift */; };
		6AA397302B67C61D00D4ED8D /* ProfileHost.swift in Sources */ = {isa = PBXBuildFile; fileRef = 6AA3972F2B67C61D00D4ED8D /* ProfileHost.swift */; };
		6AA397322B67C6A300D4ED8D /* ProfileSummary.swift in Sources */ = {isa = PBXBuildFile; fileRef = 6AA397312B67C6A300D4ED8D /* ProfileSummary.swift */; };
		6AA397342B67C93D00D4ED8D /* HikeBadge.swift in Sources */ = {isa = PBXBuildFile; fileRef = 6AA397332B67C93D00D4ED8D /* HikeBadge.swift */; };
		6AA397362B67D41B00D4ED8D /* ProfileEditor.swift in Sources */ = {isa = PBXBuildFile; fileRef = 6AA397352B67D41B00D4ED8D /* ProfileEditor.swift */; };
		6AC080AD2B27367C00A466EE /* FavoriteButton.swift in Sources */ = {isa = PBXBuildFile; fileRef = 6AC080AC2B27367C00A466EE /* FavoriteButton.swift */; };
		6AC0F38F2B7CEA8D000A0235 /* ContentView.swift in Sources */ = {isa = PBXBuildFile; fileRef = 6AC0F38E2B7CEA8D000A0235 /* ContentView.swift */; };
		6AC0F3912B7CEA8E000A0235 /* Assets.xcassets in Resources */ = {isa = PBXBuildFile; fileRef = 6AC0F3902B7CEA8E000A0235 /* Assets.xcassets */; };
		6AC0F3942B7CEA8E000A0235 /* Preview Assets.xcassets in Resources */ = {isa = PBXBuildFile; fileRef = 6AC0F3932B7CEA8E000A0235 /* Preview Assets.xcassets */; };
		6AC0F3992B7CEC48000A0235 /* MapView.swift in Sources */ = {isa = PBXBuildFile; fileRef = 6A83D1AD2B24A5D3000B1A74 /* MapView.swift */; };
		6AC0F39A2B7CEC48000A0235 /* CircleImage.swift in Sources */ = {isa = PBXBuildFile; fileRef = 6A83D1AB2B24A4D8000B1A74 /* CircleImage.swift */; };
		6AC0F39B2B7CEC48000A0235 /* FavoriteButton.swift in Sources */ = {isa = PBXBuildFile; fileRef = 6AC080AC2B27367C00A466EE /* FavoriteButton.swift */; };
		6AC0F39C2B7CEC48000A0235 /* SwiftUITestApp.swift in Sources */ = {isa = PBXBuildFile; fileRef = 6A83D19D2B24A14E000B1A74 /* SwiftUITestApp.swift */; };
		6AC0F39D2B7CEC48000A0235 /* LandmarkRow.swift in Sources */ = {isa = PBXBuildFile; fileRef = 6A83D1C82B24BA5C000B1A74 /* LandmarkRow.swift */; };
		6AC0F39E2B7CEC48000A0235 /* LandmarkList.swift in Sources */ = {isa = PBXBuildFile; fileRef = 6A83D1CA2B24BC5D000B1A74 /* LandmarkList.swift */; };
		6AC0F39F2B7CEC93000A0235 /* landmarkData.json in Resources */ = {isa = PBXBuildFile; fileRef = 6A83D1C42B24B9B4000B1A74 /* landmarkData.json */; };
		6AC0F3A02B7CEC93000A0235 /* Assets.xcassets in Resources */ = {isa = PBXBuildFile; fileRef = 6A83D1A12B24A14F000B1A74 /* Assets.xcassets */; };
		6AC0F3A12B7CEC93000A0235 /* hikeData.json in Resources */ = {isa = PBXBuildFile; fileRef = 6A3358FA2B5A103500DE10DC /* hikeData.json */; };
		6AC0F3A22B7CECAF000A0235 /* Profile.swift in Sources */ = {isa = PBXBuildFile; fileRef = 6AA3972C2B67C49500D4ED8D /* Profile.swift */; };
		6AC0F3A32B7CECAF000A0235 /* ModelData.swift in Sources */ = {isa = PBXBuildFile; fileRef = 6A83D1C62B24BA1A000B1A74 /* ModelData.swift */; };
		6AC0F3A42B7CECAF000A0235 /* Hike.swift in Sources */ = {isa = PBXBuildFile; fileRef = 6A3358FD2B5A10B200DE10DC /* Hike.swift */; };
		6AC0F3A52B7CECAF000A0235 /* Landmark.swift in Sources */ = {isa = PBXBuildFile; fileRef = 6A83D1C12B24B8E0000B1A74 /* Landmark.swift */; };
		6AC0F3A72B7CEF12000A0235 /* LandmarkDetail.swift in Sources */ = {isa = PBXBuildFile; fileRef = 6AC0F3A62B7CEF12000A0235 /* LandmarkDetail.swift */; };
		6AE0F7C62B74F8D8004B9EFD /* ContentView.swift in Sources */ = {isa = PBXBuildFile; fileRef = 6AE0F7C52B74F8D8004B9EFD /* ContentView.swift */; };
		6AE0F7C82B74F8D9004B9EFD /* Assets.xcassets in Resources */ = {isa = PBXBuildFile; fileRef = 6AE0F7C72B74F8D9004B9EFD /* Assets.xcassets */; };
		6AE0F7CB2B74F8D9004B9EFD /* Preview Assets.xcassets in Resources */ = {isa = PBXBuildFile; fileRef = 6AE0F7CA2B74F8D9004B9EFD /* Preview Assets.xcassets */; };
		6AE0F7CE2B74F8D9004B9EFD /* WatchLandmarks Watch App.app in Embed Watch Content */ = {isa = PBXBuildFile; fileRef = 6AE0F7C12B74F8D8004B9EFD /* WatchLandmarks Watch App.app */; settings = {ATTRIBUTES = (RemoveHeadersOnCopy, ); }; };
		6AE0F7D32B74FB26004B9EFD /* Landmark.swift in Sources */ = {isa = PBXBuildFile; fileRef = 6A83D1C12B24B8E0000B1A74 /* Landmark.swift */; };
		6AE0F7D42B74FB26004B9EFD /* LandmarkRow.swift in Sources */ = {isa = PBXBuildFile; fileRef = 6A83D1C82B24BA5C000B1A74 /* LandmarkRow.swift */; };
		6AE0F7D52B74FB26004B9EFD /* Hike.swift in Sources */ = {isa = PBXBuildFile; fileRef = 6A3358FD2B5A10B200DE10DC /* Hike.swift */; };
		6AE0F7D62B74FB26004B9EFD /* Profile.swift in Sources */ = {isa = PBXBuildFile; fileRef = 6AA3972C2B67C49500D4ED8D /* Profile.swift */; };
		6AE0F7D72B74FB26004B9EFD /* CircleImage.swift in Sources */ = {isa = PBXBuildFile; fileRef = 6A83D1AB2B24A4D8000B1A74 /* CircleImage.swift */; };
		6AE0F7D92B74FB26004B9EFD /* MapView.swift in Sources */ = {isa = PBXBuildFile; fileRef = 6A83D1AD2B24A5D3000B1A74 /* MapView.swift */; };
		6AE0F7DA2B74FB26004B9EFD /* SwiftUITestApp.swift in Sources */ = {isa = PBXBuildFile; fileRef = 6A83D19D2B24A14E000B1A74 /* SwiftUITestApp.swift */; };
		6AE0F7DB2B74FB26004B9EFD /* ModelData.swift in Sources */ = {isa = PBXBuildFile; fileRef = 6A83D1C62B24BA1A000B1A74 /* ModelData.swift */; };
		6AE0F7DD2B74FCF8004B9EFD /* LandmarkDetail.swift in Sources */ = {isa = PBXBuildFile; fileRef = 6AE0F7DC2B74FCF8004B9EFD /* LandmarkDetail.swift */; };
		6AE177702B612DCD0087FA16 /* CategoryHome.swift in Sources */ = {isa = PBXBuildFile; fileRef = 6AE1776F2B612DCD0087FA16 /* CategoryHome.swift */; };
		6AE177722B6131C20087FA16 /* CategoryRow.swift in Sources */ = {isa = PBXBuildFile; fileRef = 6AE177712B6131C20087FA16 /* CategoryRow.swift */; };
		6AE177742B6133EE0087FA16 /* CategoryItem.swift in Sources */ = {isa = PBXBuildFile; fileRef = 6AE177732B6133EE0087FA16 /* CategoryItem.swift */; };
		6AFC5D3B2B6A6A4E004F094F /* PageViewController.swift in Sources */ = {isa = PBXBuildFile; fileRef = 6AFC5D3A2B6A6A4E004F094F /* PageViewController.swift */; };
		6AFC5D3D2B6A6DCD004F094F /* FeatureCard.swift in Sources */ = {isa = PBXBuildFile; fileRef = 6AFC5D3C2B6A6DCD004F094F /* FeatureCard.swift */; };
		6AFC5D3F2B6A711B004F094F /* PageView.swift in Sources */ = {isa = PBXBuildFile; fileRef = 6AFC5D3E2B6A711B004F094F /* PageView.swift */; };
/* End PBXBuildFile section */

/* Begin PBXContainerItemProxy section */
		6AE0F7CC2B74F8D9004B9EFD /* PBXContainerItemProxy */ = {
			isa = PBXContainerItemProxy;
			containerPortal = 6A83D1922B24A14E000B1A74 /* Project object */;
			proxyType = 1;
			remoteGlobalIDString = 6AE0F7C02B74F8D8004B9EFD;
			remoteInfo = "WatchLandmarks Watch App";
		};
/* End PBXContainerItemProxy section */

/* Begin PBXCopyFilesBuildPhase section */
		6AE0F7CF2B74F8D9004B9EFD /* Embed Watch Content */ = {
			isa = PBXCopyFilesBuildPhase;
			buildActionMask = 2147483647;
			dstPath = "$(CONTENTS_FOLDER_PATH)/Watch";
			dstSubfolderSpec = 16;
			files = (
				6AE0F7CE2B74F8D9004B9EFD /* WatchLandmarks Watch App.app in Embed Watch Content */,
			);
			name = "Embed Watch Content";
			runOnlyForDeploymentPostprocessing = 0;
		};
/* End PBXCopyFilesBuildPhase section */

/* Begin PBXFileReference section */
		6A3358FA2B5A103500DE10DC /* hikeData.json */ = {isa = PBXFileReference; fileEncoding = 4; lastKnownFileType = text.json; path = hikeData.json; sourceTree = "<group>"; };
		6A3358FD2B5A10B200DE10DC /* Hike.swift */ = {isa = PBXFileReference; lastKnownFileType = sourcecode.swift; path = Hike.swift; sourceTree = "<group>"; };
		6A3358FF2B5A18EF00DE10DC /* GraphCapsule.swift */ = {isa = PBXFileReference; fileEncoding = 4; lastKnownFileType = sourcecode.swift; path = GraphCapsule.swift; sourceTree = "<group>"; };
		6A3359002B5A18EF00DE10DC /* HikeGraph.swift */ = {isa = PBXFileReference; fileEncoding = 4; lastKnownFileType = sourcecode.swift; path = HikeGraph.swift; sourceTree = "<group>"; };
		6A3359012B5A18EF00DE10DC /* HikeDetail.swift */ = {isa = PBXFileReference; fileEncoding = 4; lastKnownFileType = sourcecode.swift; path = HikeDetail.swift; sourceTree = "<group>"; };
		6A3359022B5A18EF00DE10DC /* HikeView.swift */ = {isa = PBXFileReference; fileEncoding = 4; lastKnownFileType = sourcecode.swift; path = HikeView.swift; sourceTree = "<group>"; };
		6A48826F2B83B4AA00C2A6F7 /* LandmarkList.swift */ = {isa = PBXFileReference; lastKnownFileType = sourcecode.swift; path = LandmarkList.swift; sourceTree = "<group>"; };
		6A4882712B83BD5000C2A6F7 /* LandmarkComands.swift */ = {isa = PBXFileReference; lastKnownFileType = sourcecode.swift; path = LandmarkComands.swift; sourceTree = "<group>"; };
		6A4882742B83E43500C2A6F7 /* LandmarkSettings.swift */ = {isa = PBXFileReference; lastKnownFileType = sourcecode.swift; path = LandmarkSettings.swift; sourceTree = "<group>"; };
		6A5927232B7504A500A0AEFB /* NotificationView.swift */ = {isa = PBXFileReference; lastKnownFileType = sourcecode.swift; path = NotificationView.swift; sourceTree = "<group>"; };
		6A5927252B75068300A0AEFB /* NotificationController.swift */ = {isa = PBXFileReference; lastKnownFileType = sourcecode.swift; path = NotificationController.swift; sourceTree = "<group>"; };
		6A5927272B752C4A00A0AEFB /* PushNotificationPayload.apns */ = {isa = PBXFileReference; lastKnownFileType = text; path = PushNotificationPayload.apns; sourceTree = "<group>"; };
		6A83D19A2B24A14E000B1A74 /* SwiftUITest.app */ = {isa = PBXFileReference; explicitFileType = wrapper.application; includeInIndex = 0; path = SwiftUITest.app; sourceTree = BUILT_PRODUCTS_DIR; };
		6A83D19D2B24A14E000B1A74 /* SwiftUITestApp.swift */ = {isa = PBXFileReference; lastKnownFileType = sourcecode.swift; path = SwiftUITestApp.swift; sourceTree = "<group>"; };
		6A83D19F2B24A14E000B1A74 /* ContentView.swift */ = {isa = PBXFileReference; lastKnownFileType = sourcecode.swift; path = ContentView.swift; sourceTree = "<group>"; };
		6A83D1A12B24A14F000B1A74 /* Assets.xcassets */ = {isa = PBXFileReference; lastKnownFileType = folder.assetcatalog; path = Assets.xcassets; sourceTree = "<group>"; };
		6A83D1A42B24A14F000B1A74 /* Preview Assets.xcassets */ = {isa = PBXFileReference; lastKnownFileType = folder.assetcatalog; path = "Preview Assets.xcassets"; sourceTree = "<group>"; };
		6A83D1AB2B24A4D8000B1A74 /* CircleImage.swift */ = {isa = PBXFileReference; lastKnownFileType = sourcecode.swift; path = CircleImage.swift; sourceTree = "<group>"; };
		6A83D1AD2B24A5D3000B1A74 /* MapView.swift */ = {isa = PBXFileReference; lastKnownFileType = sourcecode.swift; path = MapView.swift; sourceTree = "<group>"; };
		6A83D1C12B24B8E0000B1A74 /* Landmark.swift */ = {isa = PBXFileReference; lastKnownFileType = sourcecode.swift; path = Landmark.swift; sourceTree = "<group>"; };
		6A83D1C42B24B9B4000B1A74 /* landmarkData.json */ = {isa = PBXFileReference; fileEncoding = 4; lastKnownFileType = text.json; path = landmarkData.json; sourceTree = "<group>"; };
		6A83D1C62B24BA1A000B1A74 /* ModelData.swift */ = {isa = PBXFileReference; lastKnownFileType = sourcecode.swift; path = ModelData.swift; sourceTree = "<group>"; };
		6A83D1C82B24BA5C000B1A74 /* LandmarkRow.swift */ = {isa = PBXFileReference; lastKnownFileType = sourcecode.swift; path = LandmarkRow.swift; sourceTree = "<group>"; };
		6A83D1CA2B24BC5D000B1A74 /* LandmarkList.swift */ = {isa = PBXFileReference; lastKnownFileType = sourcecode.swift; path = LandmarkList.swift; sourceTree = "<group>"; };
		6A83D1CC2B24BCED000B1A74 /* LandmarkDetail.swift */ = {isa = PBXFileReference; lastKnownFileType = sourcecode.swift; path = LandmarkDetail.swift; sourceTree = "<group>"; };
		6A8874252B56211B00A68E0C /* HexagonParameters.swift */ = {isa = PBXFileReference; lastKnownFileType = sourcecode.swift; path = HexagonParameters.swift; sourceTree = "<group>"; };
		6A8874272B5622BC00A68E0C /* BadgeBackground.swift */ = {isa = PBXFileReference; lastKnownFileType = sourcecode.swift; path = BadgeBackground.swift; sourceTree = "<group>"; };
		6A8874292B562B5500A68E0C /* BadgeSymbol.swift */ = {isa = PBXFileReference; lastKnownFileType = sourcecode.swift; path = BadgeSymbol.swift; sourceTree = "<group>"; };
		6A88742B2B562E4D00A68E0C /* RotatedBadgeSymbol.swift */ = {isa = PBXFileReference; lastKnownFileType = sourcecode.swift; path = RotatedBadgeSymbol.swift; sourceTree = "<group>"; };
		6A88742D2B562EFE00A68E0C /* Badge.swift */ = {isa = PBXFileReference; lastKnownFileType = sourcecode.swift; path = Badge.swift; sourceTree = "<group>"; };
		6A8947F92B6BC02100846F74 /* PageControl.swift */ = {isa = PBXFileReference; lastKnownFileType = sourcecode.swift; path = PageControl.swift; sourceTree = "<group>"; };
		6AA3972C2B67C49500D4ED8D /* Profile.swift */ = {isa = PBXFileReference; lastKnownFileType = sourcecode.swift; path = Profile.swift; sourceTree = "<group>"; };
		6AA3972F2B67C61D00D4ED8D /* ProfileHost.swift */ = {isa = PBXFileReference; lastKnownFileType = sourcecode.swift; path = ProfileHost.swift; sourceTree = "<group>"; };
		6AA397312B67C6A300D4ED8D /* ProfileSummary.swift */ = {isa = PBXFileReference; lastKnownFileType = sourcecode.swift; path = ProfileSummary.swift; sourceTree = "<group>"; };
		6AA397332B67C93D00D4ED8D /* HikeBadge.swift */ = {isa = PBXFileReference; lastKnownFileType = sourcecode.swift; path = HikeBadge.swift; sourceTree = "<group>"; };
		6AA397352B67D41B00D4ED8D /* ProfileEditor.swift */ = {isa = PBXFileReference; lastKnownFileType = sourcecode.swift; path = ProfileEditor.swift; sourceTree = "<group>"; };
		6AC080AC2B27367C00A466EE /* FavoriteButton.swift */ = {isa = PBXFileReference; lastKnownFileType = sourcecode.swift; path = FavoriteButton.swift; sourceTree = "<group>"; };
		6AC0F38A2B7CEA8D000A0235 /* MacLandmarks.app */ = {isa = PBXFileReference; explicitFileType = wrapper.application; includeInIndex = 0; path = MacLandmarks.app; sourceTree = BUILT_PRODUCTS_DIR; };
		6AC0F38E2B7CEA8D000A0235 /* ContentView.swift */ = {isa = PBXFileReference; lastKnownFileType = sourcecode.swift; path = ContentView.swift; sourceTree = "<group>"; };
		6AC0F3902B7CEA8E000A0235 /* Assets.xcassets */ = {isa = PBXFileReference; lastKnownFileType = folder.assetcatalog; path = Assets.xcassets; sourceTree = "<group>"; };
		6AC0F3932B7CEA8E000A0235 /* Preview Assets.xcassets */ = {isa = PBXFileReference; lastKnownFileType = folder.assetcatalog; path = "Preview Assets.xcassets"; sourceTree = "<group>"; };
		6AC0F3952B7CEA8E000A0235 /* MacLandmarks.entitlements */ = {isa = PBXFileReference; lastKnownFileType = text.plist.entitlements; path = MacLandmarks.entitlements; sourceTree = "<group>"; };
		6AC0F3A62B7CEF12000A0235 /* LandmarkDetail.swift */ = {isa = PBXFileReference; lastKnownFileType = sourcecode.swift; path = LandmarkDetail.swift; sourceTree = "<group>"; };
		6AE0F7C12B74F8D8004B9EFD /* WatchLandmarks Watch App.app */ = {isa = PBXFileReference; explicitFileType = wrapper.application; includeInIndex = 0; path = "WatchLandmarks Watch App.app"; sourceTree = BUILT_PRODUCTS_DIR; };
		6AE0F7C52B74F8D8004B9EFD /* ContentView.swift */ = {isa = PBXFileReference; lastKnownFileType = sourcecode.swift; path = ContentView.swift; sourceTree = "<group>"; };
		6AE0F7C72B74F8D9004B9EFD /* Assets.xcassets */ = {isa = PBXFileReference; lastKnownFileType = folder.assetcatalog; path = Assets.xcassets; sourceTree = "<group>"; };
		6AE0F7CA2B74F8D9004B9EFD /* Preview Assets.xcassets */ = {isa = PBXFileReference; lastKnownFileType = folder.assetcatalog; path = "Preview Assets.xcassets"; sourceTree = "<group>"; };
		6AE0F7DC2B74FCF8004B9EFD /* LandmarkDetail.swift */ = {isa = PBXFileReference; lastKnownFileType = sourcecode.swift; path = LandmarkDetail.swift; sourceTree = "<group>"; };
		6AE1776F2B612DCD0087FA16 /* CategoryHome.swift */ = {isa = PBXFileReference; lastKnownFileType = sourcecode.swift; path = CategoryHome.swift; sourceTree = "<group>"; };
		6AE177712B6131C20087FA16 /* CategoryRow.swift */ = {isa = PBXFileReference; lastKnownFileType = sourcecode.swift; path = CategoryRow.swift; sourceTree = "<group>"; };
		6AE177732B6133EE0087FA16 /* CategoryItem.swift */ = {isa = PBXFileReference; lastKnownFileType = sourcecode.swift; path = CategoryItem.swift; sourceTree = "<group>"; };
		6AFC5D3A2B6A6A4E004F094F /* PageViewController.swift */ = {isa = PBXFileReference; lastKnownFileType = sourcecode.swift; path = PageViewController.swift; sourceTree = "<group>"; };
		6AFC5D3C2B6A6DCD004F094F /* FeatureCard.swift */ = {isa = PBXFileReference; lastKnownFileType = sourcecode.swift; path = FeatureCard.swift; sourceTree = "<group>"; };
		6AFC5D3E2B6A711B004F094F /* PageView.swift */ = {isa = PBXFileReference; lastKnownFileType = sourcecode.swift; path = PageView.swift; sourceTree = "<group>"; };
/* End PBXFileReference section */

/* Begin PBXFrameworksBuildPhase section */
		6A83D1972B24A14E000B1A74 /* Frameworks */ = {
			isa = PBXFrameworksBuildPhase;
			buildActionMask = 2147483647;
			files = (
			);
			runOnlyForDeploymentPostprocessing = 0;
		};
		6AC0F3872B7CEA8D000A0235 /* Frameworks */ = {
			isa = PBXFrameworksBuildPhase;
			buildActionMask = 2147483647;
			files = (
			);
			runOnlyForDeploymentPostprocessing = 0;
		};
		6AE0F7BE2B74F8D8004B9EFD /* Frameworks */ = {
			isa = PBXFrameworksBuildPhase;
			buildActionMask = 2147483647;
			files = (
			);
			runOnlyForDeploymentPostprocessing = 0;
		};
/* End PBXFrameworksBuildPhase section */

/* Begin PBXGroup section */
		6A3358FC2B5A108F00DE10DC /* Hikes */ = {
			isa = PBXGroup;
			children = (
				6A3358FF2B5A18EF00DE10DC /* GraphCapsule.swift */,
				6A3359012B5A18EF00DE10DC /* HikeDetail.swift */,
				6A3359002B5A18EF00DE10DC /* HikeGraph.swift */,
				6A3359022B5A18EF00DE10DC /* HikeView.swift */,
				6AA397332B67C93D00D4ED8D /* HikeBadge.swift */,
			);
			path = Hikes;
			sourceTree = "<group>";
		};
		6A83D1912B24A14E000B1A74 = {
			isa = PBXGroup;
			children = (
				6A83D19C2B24A14E000B1A74 /* SwiftUITest */,
				6AE0F7C22B74F8D8004B9EFD /* WatchLandmarks Watch App */,
				6AC0F38B2B7CEA8D000A0235 /* MacLandmarks */,
				6A83D19B2B24A14E000B1A74 /* Products */,
			);
			sourceTree = "<group>";
		};
		6A83D19B2B24A14E000B1A74 /* Products */ = {
			isa = PBXGroup;
			children = (
				6A83D19A2B24A14E000B1A74 /* SwiftUITest.app */,
				6AE0F7C12B74F8D8004B9EFD /* WatchLandmarks Watch App.app */,
				6AC0F38A2B7CEA8D000A0235 /* MacLandmarks.app */,
			);
			name = Products;
			sourceTree = "<group>";
		};
		6A83D19C2B24A14E000B1A74 /* SwiftUITest */ = {
			isa = PBXGroup;
			children = (
				6A83D1C32B24B998000B1A74 /* Resources */,
				6A83D1C02B24B8CE000B1A74 /* Model */,
				6A83D1BD2B24B866000B1A74 /* Views */,
				6A83D19D2B24A14E000B1A74 /* SwiftUITestApp.swift */,
				6A83D1A12B24A14F000B1A74 /* Assets.xcassets */,
				6A83D1A32B24A14F000B1A74 /* Preview Content */,
			);
			path = SwiftUITest;
			sourceTree = "<group>";
		};
		6A83D1A32B24A14F000B1A74 /* Preview Content */ = {
			isa = PBXGroup;
			children = (
				6A83D1A42B24A14F000B1A74 /* Preview Assets.xcassets */,
			);
			path = "Preview Content";
			sourceTree = "<group>";
		};
		6A83D1BD2B24B866000B1A74 /* Views */ = {
			isa = PBXGroup;
			children = (
				6AFC5D392B6A6A0C004F094F /* PageView */,
				6AA3972E2B67C5CA00D4ED8D /* Profiles */,
				6AE1776E2B612DAD0087FA16 /* Categories */,
				6A3358FC2B5A108F00DE10DC /* Hikes */,
				6A88742F2B56323100A68E0C /* Badges */,
				6A83D19F2B24A14E000B1A74 /* ContentView.swift */,
				6A83D1BF2B24B87F000B1A74 /* Landmarks */,
				6A83D1BE2B24B877000B1A74 /* Helpers */,
			);
			path = Views;
			sourceTree = "<group>";
		};
		6A83D1BE2B24B877000B1A74 /* Helpers */ = {
			isa = PBXGroup;
			children = (
				6A83D1AB2B24A4D8000B1A74 /* CircleImage.swift */,
				6A83D1AD2B24A5D3000B1A74 /* MapView.swift */,
				6AC080AC2B27367C00A466EE /* FavoriteButton.swift */,
			);
			path = Helpers;
			sourceTree = "<group>";
		};
		6A83D1BF2B24B87F000B1A74 /* Landmarks */ = {
			isa = PBXGroup;
			children = (
				6A83D1C82B24BA5C000B1A74 /* LandmarkRow.swift */,
				6A83D1CA2B24BC5D000B1A74 /* LandmarkList.swift */,
				6A83D1CC2B24BCED000B1A74 /* LandmarkDetail.swift */,
			);
			path = Landmarks;
			sourceTree = "<group>";
		};
		6A83D1C02B24B8CE000B1A74 /* Model */ = {
			isa = PBXGroup;
			children = (
				6A3358FD2B5A10B200DE10DC /* Hike.swift */,
				6A83D1C12B24B8E0000B1A74 /* Landmark.swift */,
				6A83D1C62B24BA1A000B1A74 /* ModelData.swift */,
				6AA3972C2B67C49500D4ED8D /* Profile.swift */,
			);
			path = Model;
			sourceTree = "<group>";
		};
		6A83D1C32B24B998000B1A74 /* Resources */ = {
			isa = PBXGroup;
			children = (
				6A3358FA2B5A103500DE10DC /* hikeData.json */,
				6A83D1C42B24B9B4000B1A74 /* landmarkData.json */,
			);
			path = Resources;
			sourceTree = "<group>";
		};
		6A88742F2B56323100A68E0C /* Badges */ = {
			isa = PBXGroup;
			children = (
				6A8874292B562B5500A68E0C /* BadgeSymbol.swift */,
				6A88742D2B562EFE00A68E0C /* Badge.swift */,
				6A8874272B5622BC00A68E0C /* BadgeBackground.swift */,
				6A88742B2B562E4D00A68E0C /* RotatedBadgeSymbol.swift */,
				6A8874252B56211B00A68E0C /* HexagonParameters.swift */,
			);
			path = Badges;
			sourceTree = "<group>";
		};
		6AA3972E2B67C5CA00D4ED8D /* Profiles */ = {
			isa = PBXGroup;
			children = (
				6AA3972F2B67C61D00D4ED8D /* ProfileHost.swift */,
				6AA397312B67C6A300D4ED8D /* ProfileSummary.swift */,
				6AA397352B67D41B00D4ED8D /* ProfileEditor.swift */,
			);
			path = Profiles;
			sourceTree = "<group>";
		};
		6AC0F38B2B7CEA8D000A0235 /* MacLandmarks */ = {
			isa = PBXGroup;
			children = (
				6AC0F38E2B7CEA8D000A0235 /* ContentView.swift */,
				6AC0F3902B7CEA8E000A0235 /* Assets.xcassets */,
				6AC0F3952B7CEA8E000A0235 /* MacLandmarks.entitlements */,
				6AC0F3922B7CEA8E000A0235 /* Preview Content */,
				6AC0F3A62B7CEF12000A0235 /* LandmarkDetail.swift */,
				6A4882712B83BD5000C2A6F7 /* LandmarkComands.swift */,
				6A4882742B83E43500C2A6F7 /* LandmarkSettings.swift */,
			);
			path = MacLandmarks;
			sourceTree = "<group>";
		};
		6AC0F3922B7CEA8E000A0235 /* Preview Content */ = {
			isa = PBXGroup;
			children = (
				6AC0F3932B7CEA8E000A0235 /* Preview Assets.xcassets */,
			);
			path = "Preview Content";
			sourceTree = "<group>";
		};
		6AE0F7C22B74F8D8004B9EFD /* WatchLandmarks Watch App */ = {
			isa = PBXGroup;
			children = (
				6AE0F7C52B74F8D8004B9EFD /* ContentView.swift */,
				6AE0F7C72B74F8D9004B9EFD /* Assets.xcassets */,
				6AE0F7C92B74F8D9004B9EFD /* Preview Content */,
				6AE0F7DC2B74FCF8004B9EFD /* LandmarkDetail.swift */,
				6A5927232B7504A500A0AEFB /* NotificationView.swift */,
				6A5927252B75068300A0AEFB /* NotificationController.swift */,
				6A5927272B752C4A00A0AEFB /* PushNotificationPayload.apns */,
				6A48826F2B83B4AA00C2A6F7 /* LandmarkList.swift */,
			);
			path = "WatchLandmarks Watch App";
			sourceTree = "<group>";
		};
		6AE0F7C92B74F8D9004B9EFD /* Preview Content */ = {
			isa = PBXGroup;
			children = (
				6AE0F7CA2B74F8D9004B9EFD /* Preview Assets.xcassets */,
			);
			path = "Preview Content";
			sourceTree = "<group>";
		};
		6AE1776E2B612DAD0087FA16 /* Categories */ = {
			isa = PBXGroup;
			children = (
				6AE1776F2B612DCD0087FA16 /* CategoryHome.swift */,
				6AE177712B6131C20087FA16 /* CategoryRow.swift */,
				6AE177732B6133EE0087FA16 /* CategoryItem.swift */,
			);
			path = Categories;
			sourceTree = "<group>";
		};
		6AFC5D392B6A6A0C004F094F /* PageView */ = {
			isa = PBXGroup;
			children = (
				6AFC5D3A2B6A6A4E004F094F /* PageViewController.swift */,
				6AFC5D3C2B6A6DCD004F094F /* FeatureCard.swift */,
				6AFC5D3E2B6A711B004F094F /* PageView.swift */,
				6A8947F92B6BC02100846F74 /* PageControl.swift */,
			);
			path = PageView;
			sourceTree = "<group>";
		};
/* End PBXGroup section */

/* Begin PBXNativeTarget section */
		6A83D1992B24A14E000B1A74 /* SwiftUITest */ = {
			isa = PBXNativeTarget;
			buildConfigurationList = 6A83D1A82B24A14F000B1A74 /* Build configuration list for PBXNativeTarget "SwiftUITest" */;
			buildPhases = (
				6A83D1962B24A14E000B1A74 /* Sources */,
				6A83D1972B24A14E000B1A74 /* Frameworks */,
				6A83D1982B24A14E000B1A74 /* Resources */,
				6AE0F7CF2B74F8D9004B9EFD /* Embed Watch Content */,
			);
			buildRules = (
			);
			dependencies = (
				6AE0F7CD2B74F8D9004B9EFD /* PBXTargetDependency */,
			);
			name = SwiftUITest;
			productName = SwiftUITest;
			productReference = 6A83D19A2B24A14E000B1A74 /* SwiftUITest.app */;
			productType = "com.apple.product-type.application";
		};
		6AC0F3892B7CEA8D000A0235 /* MacLandmarks */ = {
			isa = PBXNativeTarget;
			buildConfigurationList = 6AC0F3982B7CEA8E000A0235 /* Build configuration list for PBXNativeTarget "MacLandmarks" */;
			buildPhases = (
				6AC0F3862B7CEA8D000A0235 /* Sources */,
				6AC0F3872B7CEA8D000A0235 /* Frameworks */,
				6AC0F3882B7CEA8D000A0235 /* Resources */,
			);
			buildRules = (
			);
			dependencies = (
			);
			name = MacLandmarks;
			productName = MacLandmarks;
			productReference = 6AC0F38A2B7CEA8D000A0235 /* MacLandmarks.app */;
			productType = "com.apple.product-type.application";
		};
		6AE0F7C02B74F8D8004B9EFD /* WatchLandmarks Watch App */ = {
			isa = PBXNativeTarget;
			buildConfigurationList = 6AE0F7D22B74F8D9004B9EFD /* Build configuration list for PBXNativeTarget "WatchLandmarks Watch App" */;
			buildPhases = (
				6AE0F7BD2B74F8D8004B9EFD /* Sources */,
				6AE0F7BE2B74F8D8004B9EFD /* Frameworks */,
				6AE0F7BF2B74F8D8004B9EFD /* Resources */,
			);
			buildRules = (
			);
			dependencies = (
			);
			name = "WatchLandmarks Watch App";
			productName = "WatchLandmarks Watch App";
			productReference = 6AE0F7C12B74F8D8004B9EFD /* WatchLandmarks Watch App.app */;
			productType = "com.apple.product-type.application";
		};
/* End PBXNativeTarget section */

/* Begin PBXProject section */
		6A83D1922B24A14E000B1A74 /* Project object */ = {
			isa = PBXProject;
			attributes = {
				BuildIndependentTargetsInParallel = 1;
				LastSwiftUpdateCheck = 1500;
				LastUpgradeCheck = 1430;
				TargetAttributes = {
					6A83D1992B24A14E000B1A74 = {
						CreatedOnToolsVersion = 14.3;
					};
					6AC0F3892B7CEA8D000A0235 = {
						CreatedOnToolsVersion = 15.0.1;
					};
					6AE0F7C02B74F8D8004B9EFD = {
						CreatedOnToolsVersion = 15.0.1;
					};
				};
			};
			buildConfigurationList = 6A83D1952B24A14E000B1A74 /* Build configuration list for PBXProject "SwiftUITest" */;
			compatibilityVersion = "Xcode 14.0";
			developmentRegion = en;
			hasScannedForEncodings = 0;
			knownRegions = (
				en,
				Base,
			);
			mainGroup = 6A83D1912B24A14E000B1A74;
			productRefGroup = 6A83D19B2B24A14E000B1A74 /* Products */;
			projectDirPath = "";
			projectRoot = "";
			targets = (
				6A83D1992B24A14E000B1A74 /* SwiftUITest */,
				6AE0F7C02B74F8D8004B9EFD /* WatchLandmarks Watch App */,
				6AC0F3892B7CEA8D000A0235 /* MacLandmarks */,
			);
		};
/* End PBXProject section */

/* Begin PBXResourcesBuildPhase section */
		6A83D1982B24A14E000B1A74 /* Resources */ = {
			isa = PBXResourcesBuildPhase;
			buildActionMask = 2147483647;
			files = (
				6A3358FB2B5A103500DE10DC /* hikeData.json in Resources */,
				6A83D1A52B24A14F000B1A74 /* Preview Assets.xcassets in Resources */,
				6A83D1A22B24A14F000B1A74 /* Assets.xcassets in Resources */,
				6A83D1C52B24B9B4000B1A74 /* landmarkData.json in Resources */,
			);
			runOnlyForDeploymentPostprocessing = 0;
		};
		6AC0F3882B7CEA8D000A0235 /* Resources */ = {
			isa = PBXResourcesBuildPhase;
			buildActionMask = 2147483647;
			files = (
				6AC0F3942B7CEA8E000A0235 /* Preview Assets.xcassets in Resources */,
				6AC0F3912B7CEA8E000A0235 /* Assets.xcassets in Resources */,
				6AC0F3A02B7CEC93000A0235 /* Assets.xcassets in Resources */,
				6AC0F39F2B7CEC93000A0235 /* landmarkData.json in Resources */,
				6AC0F3A12B7CEC93000A0235 /* hikeData.json in Resources */,
			);
			runOnlyForDeploymentPostprocessing = 0;
		};
		6AE0F7BF2B74F8D8004B9EFD /* Resources */ = {
			isa = PBXResourcesBuildPhase;
			buildActionMask = 2147483647;
			files = (
				6AE0F7CB2B74F8D9004B9EFD /* Preview Assets.xcassets in Resources */,
				6AE0F7C82B74F8D9004B9EFD /* Assets.xcassets in Resources */,
				6A5927212B75001800A0AEFB /* Assets.xcassets in Resources */,
				6A5927202B75001800A0AEFB /* landmarkData.json in Resources */,
				6A5927222B75001800A0AEFB /* hikeData.json in Resources */,
			);
			runOnlyForDeploymentPostprocessing = 0;
		};
/* End PBXResourcesBuildPhase section */

/* Begin PBXSourcesBuildPhase section */
		6A83D1962B24A14E000B1A74 /* Sources */ = {
			isa = PBXSourcesBuildPhase;
			buildActionMask = 2147483647;
			files = (
				6AE177722B6131C20087FA16 /* CategoryRow.swift in Sources */,
				6AA3972D2B67C49500D4ED8D /* Profile.swift in Sources */,
				6A83D1A02B24A14E000B1A74 /* ContentView.swift in Sources */,
				6AE177702B612DCD0087FA16 /* CategoryHome.swift in Sources */,
				6AFC5D3D2B6A6DCD004F094F /* FeatureCard.swift in Sources */,
				6A3359042B5A18EF00DE10DC /* HikeGraph.swift in Sources */,
				6A88742E2B562EFE00A68E0C /* Badge.swift in Sources */,
				6A83D1AE2B24A5D3000B1A74 /* MapView.swift in Sources */,
				6A3359032B5A18EF00DE10DC /* GraphCapsule.swift in Sources */,
				6A83D19E2B24A14E000B1A74 /* SwiftUITestApp.swift in Sources */,
				6A8947FA2B6BC02100846F74 /* PageControl.swift in Sources */,
				6AC080AD2B27367C00A466EE /* FavoriteButton.swift in Sources */,
				6AE177742B6133EE0087FA16 /* CategoryItem.swift in Sources */,
				6A3359052B5A18EF00DE10DC /* HikeDetail.swift in Sources */,
				6AA397322B67C6A300D4ED8D /* ProfileSummary.swift in Sources */,
				6A8874262B56211B00A68E0C /* HexagonParameters.swift in Sources */,
				6AA397302B67C61D00D4ED8D /* ProfileHost.swift in Sources */,
				6A3358FE2B5A10B200DE10DC /* Hike.swift in Sources */,
				6A88742C2B562E4D00A68E0C /* RotatedBadgeSymbol.swift in Sources */,
				6AFC5D3F2B6A711B004F094F /* PageView.swift in Sources */,
				6A88742A2B562B5500A68E0C /* BadgeSymbol.swift in Sources */,
				6AA397362B67D41B00D4ED8D /* ProfileEditor.swift in Sources */,
				6A83D1CB2B24BC5D000B1A74 /* LandmarkList.swift in Sources */,
				6A3359062B5A18EF00DE10DC /* HikeView.swift in Sources */,
				6A4882732B83BD5A00C2A6F7 /* LandmarkComands.swift in Sources */,
				6A83D1CD2B24BCED000B1A74 /* LandmarkDetail.swift in Sources */,
				6AFC5D3B2B6A6A4E004F094F /* PageViewController.swift in Sources */,
				6A8874282B5622BC00A68E0C /* BadgeBackground.swift in Sources */,
				6AA397342B67C93D00D4ED8D /* HikeBadge.swift in Sources */,
				6A83D1AC2B24A4D8000B1A74 /* CircleImage.swift in Sources */,
				6A83D1C22B24B8E0000B1A74 /* Landmark.swift in Sources */,
				6A83D1C92B24BA5C000B1A74 /* LandmarkRow.swift in Sources */,
				6A83D1C72B24BA1A000B1A74 /* ModelData.swift in Sources */,
			);
			runOnlyForDeploymentPostprocessing = 0;
		};
		6AC0F3862B7CEA8D000A0235 /* Sources */ = {
			isa = PBXSourcesBuildPhase;
			buildActionMask = 2147483647;
			files = (
				6AC0F3A42B7CECAF000A0235 /* Hike.swift in Sources */,
				6AC0F3A52B7CECAF000A0235 /* Landmark.swift in Sources */,
				6A4882752B83E43500C2A6F7 /* LandmarkSettings.swift in Sources */,
				6AC0F39C2B7CEC48000A0235 /* SwiftUITestApp.swift in Sources */,
				6AC0F3A22B7CECAF000A0235 /* Profile.swift in Sources */,
				6AC0F3A72B7CEF12000A0235 /* LandmarkDetail.swift in Sources */,
				6AC0F3A32B7CECAF000A0235 /* ModelData.swift in Sources */,
				6AC0F38F2B7CEA8D000A0235 /* ContentView.swift in Sources */,
				6A4882722B83BD5000C2A6F7 /* LandmarkComands.swift in Sources */,
				6AC0F39D2B7CEC48000A0235 /* LandmarkRow.swift in Sources */,
				6AC0F39E2B7CEC48000A0235 /* LandmarkList.swift in Sources */,
				6AC0F3992B7CEC48000A0235 /* MapView.swift in Sources */,
				6AC0F39A2B7CEC48000A0235 /* CircleImage.swift in Sources */,
				6AC0F39B2B7CEC48000A0235 /* FavoriteButton.swift in Sources */,
			);
			runOnlyForDeploymentPostprocessing = 0;
		};
		6AE0F7BD2B74F8D8004B9EFD /* Sources */ = {
			isa = PBXSourcesBuildPhase;
			buildActionMask = 2147483647;
			files = (
				6AE0F7C62B74F8D8004B9EFD /* ContentView.swift in Sources */,
				6AE0F7DA2B74FB26004B9EFD /* SwiftUITestApp.swift in Sources */,
				6AE0F7D92B74FB26004B9EFD /* MapView.swift in Sources */,
				6AE0F7D62B74FB26004B9EFD /* Profile.swift in Sources */,
				6A4882702B83B4AA00C2A6F7 /* LandmarkList.swift in Sources */,
				6AE0F7D32B74FB26004B9EFD /* Landmark.swift in Sources */,
				6AE0F7D52B74FB26004B9EFD /* Hike.swift in Sources */,
				6AE0F7DB2B74FB26004B9EFD /* ModelData.swift in Sources */,
				6AE0F7D42B74FB26004B9EFD /* LandmarkRow.swift in Sources */,
				6A5927262B75068300A0AEFB /* NotificationController.swift in Sources */,
				6AE0F7D72B74FB26004B9EFD /* CircleImage.swift in Sources */,
				6AE0F7DD2B74FCF8004B9EFD /* LandmarkDetail.swift in Sources */,
				6A5927242B7504A500A0AEFB /* NotificationView.swift in Sources */,
			);
			runOnlyForDeploymentPostprocessing = 0;
		};
/* End PBXSourcesBuildPhase section */

/* Begin PBXTargetDependency section */
		6AE0F7CD2B74F8D9004B9EFD /* PBXTargetDependency */ = {
			isa = PBXTargetDependency;
			target = 6AE0F7C02B74F8D8004B9EFD /* WatchLandmarks Watch App */;
			targetProxy = 6AE0F7CC2B74F8D9004B9EFD /* PBXContainerItemProxy */;
		};
/* End PBXTargetDependency section */

/* Begin XCBuildConfiguration section */
		6A83D1A62B24A14F000B1A74 /* Debug */ = {
			isa = XCBuildConfiguration;
			buildSettings = {
				ALWAYS_SEARCH_USER_PATHS = NO;
				CLANG_ANALYZER_NONNULL = YES;
				CLANG_ANALYZER_NUMBER_OBJECT_CONVERSION = YES_AGGRESSIVE;
				CLANG_CXX_LANGUAGE_STANDARD = "gnu++20";
				CLANG_ENABLE_MODULES = YES;
				CLANG_ENABLE_OBJC_ARC = YES;
				CLANG_ENABLE_OBJC_WEAK = YES;
				CLANG_WARN_BLOCK_CAPTURE_AUTORELEASING = YES;
				CLANG_WARN_BOOL_CONVERSION = YES;
				CLANG_WARN_COMMA = YES;
				CLANG_WARN_CONSTANT_CONVERSION = YES;
				CLANG_WARN_DEPRECATED_OBJC_IMPLEMENTATIONS = YES;
				CLANG_WARN_DIRECT_OBJC_ISA_USAGE = YES_ERROR;
				CLANG_WARN_DOCUMENTATION_COMMENTS = YES;
				CLANG_WARN_EMPTY_BODY = YES;
				CLANG_WARN_ENUM_CONVERSION = YES;
				CLANG_WARN_INFINITE_RECURSION = YES;
				CLANG_WARN_INT_CONVERSION = YES;
				CLANG_WARN_NON_LITERAL_NULL_CONVERSION = YES;
				CLANG_WARN_OBJC_IMPLICIT_RETAIN_SELF = YES;
				CLANG_WARN_OBJC_LITERAL_CONVERSION = YES;
				CLANG_WARN_OBJC_ROOT_CLASS = YES_ERROR;
				CLANG_WARN_QUOTED_INCLUDE_IN_FRAMEWORK_HEADER = YES;
				CLANG_WARN_RANGE_LOOP_ANALYSIS = YES;
				CLANG_WARN_STRICT_PROTOTYPES = YES;
				CLANG_WARN_SUSPICIOUS_MOVE = YES;
				CLANG_WARN_UNGUARDED_AVAILABILITY = YES_AGGRESSIVE;
				CLANG_WARN_UNREACHABLE_CODE = YES;
				CLANG_WARN__DUPLICATE_METHOD_MATCH = YES;
				COPY_PHASE_STRIP = NO;
				DEBUG_INFORMATION_FORMAT = dwarf;
				ENABLE_STRICT_OBJC_MSGSEND = YES;
				ENABLE_TESTABILITY = YES;
				GCC_C_LANGUAGE_STANDARD = gnu11;
				GCC_DYNAMIC_NO_PIC = NO;
				GCC_NO_COMMON_BLOCKS = YES;
				GCC_OPTIMIZATION_LEVEL = 0;
				GCC_PREPROCESSOR_DEFINITIONS = (
					"DEBUG=1",
					"$(inherited)",
				);
				GCC_WARN_64_TO_32_BIT_CONVERSION = YES;
				GCC_WARN_ABOUT_RETURN_TYPE = YES_ERROR;
				GCC_WARN_UNDECLARED_SELECTOR = YES;
				GCC_WARN_UNINITIALIZED_AUTOS = YES_AGGRESSIVE;
				GCC_WARN_UNUSED_FUNCTION = YES;
				GCC_WARN_UNUSED_VARIABLE = YES;
				IPHONEOS_DEPLOYMENT_TARGET = 16.4;
				MTL_ENABLE_DEBUG_INFO = INCLUDE_SOURCE;
				MTL_FAST_MATH = YES;
				ONLY_ACTIVE_ARCH = YES;
				SDKROOT = iphoneos;
				SWIFT_ACTIVE_COMPILATION_CONDITIONS = DEBUG;
				SWIFT_OPTIMIZATION_LEVEL = "-Onone";
			};
			name = Debug;
		};
		6A83D1A72B24A14F000B1A74 /* Release */ = {
			isa = XCBuildConfiguration;
			buildSettings = {
				ALWAYS_SEARCH_USER_PATHS = NO;
				CLANG_ANALYZER_NONNULL = YES;
				CLANG_ANALYZER_NUMBER_OBJECT_CONVERSION = YES_AGGRESSIVE;
				CLANG_CXX_LANGUAGE_STANDARD = "gnu++20";
				CLANG_ENABLE_MODULES = YES;
				CLANG_ENABLE_OBJC_ARC = YES;
				CLANG_ENABLE_OBJC_WEAK = YES;
				CLANG_WARN_BLOCK_CAPTURE_AUTORELEASING = YES;
				CLANG_WARN_BOOL_CONVERSION = YES;
				CLANG_WARN_COMMA = YES;
				CLANG_WARN_CONSTANT_CONVERSION = YES;
				CLANG_WARN_DEPRECATED_OBJC_IMPLEMENTATIONS = YES;
				CLANG_WARN_DIRECT_OBJC_ISA_USAGE = YES_ERROR;
				CLANG_WARN_DOCUMENTATION_COMMENTS = YES;
				CLANG_WARN_EMPTY_BODY = YES;
				CLANG_WARN_ENUM_CONVERSION = YES;
				CLANG_WARN_INFINITE_RECURSION = YES;
				CLANG_WARN_INT_CONVERSION = YES;
				CLANG_WARN_NON_LITERAL_NULL_CONVERSION = YES;
				CLANG_WARN_OBJC_IMPLICIT_RETAIN_SELF = YES;
				CLANG_WARN_OBJC_LITERAL_CONVERSION = YES;
				CLANG_WARN_OBJC_ROOT_CLASS = YES_ERROR;
				CLANG_WARN_QUOTED_INCLUDE_IN_FRAMEWORK_HEADER = YES;
				CLANG_WARN_RANGE_LOOP_ANALYSIS = YES;
				CLANG_WARN_STRICT_PROTOTYPES = YES;
				CLANG_WARN_SUSPICIOUS_MOVE = YES;
				CLANG_WARN_UNGUARDED_AVAILABILITY = YES_AGGRESSIVE;
				CLANG_WARN_UNREACHABLE_CODE = YES;
				CLANG_WARN__DUPLICATE_METHOD_MATCH = YES;
				COPY_PHASE_STRIP = NO;
				DEBUG_INFORMATION_FORMAT = "dwarf-with-dsym";
				ENABLE_NS_ASSERTIONS = NO;
				ENABLE_STRICT_OBJC_MSGSEND = YES;
				GCC_C_LANGUAGE_STANDARD = gnu11;
				GCC_NO_COMMON_BLOCKS = YES;
				GCC_WARN_64_TO_32_BIT_CONVERSION = YES;
				GCC_WARN_ABOUT_RETURN_TYPE = YES_ERROR;
				GCC_WARN_UNDECLARED_SELECTOR = YES;
				GCC_WARN_UNINITIALIZED_AUTOS = YES_AGGRESSIVE;
				GCC_WARN_UNUSED_FUNCTION = YES;
				GCC_WARN_UNUSED_VARIABLE = YES;
				IPHONEOS_DEPLOYMENT_TARGET = 16.4;
				MTL_ENABLE_DEBUG_INFO = NO;
				MTL_FAST_MATH = YES;
				SDKROOT = iphoneos;
				SWIFT_COMPILATION_MODE = wholemodule;
				SWIFT_OPTIMIZATION_LEVEL = "-O";
				VALIDATE_PRODUCT = YES;
			};
			name = Release;
		};
		6A83D1A92B24A14F000B1A74 /* Debug */ = {
			isa = XCBuildConfiguration;
			buildSettings = {
				ALWAYS_EMBED_SWIFT_STANDARD_LIBRARIES = YES;
				ASSETCATALOG_COMPILER_APPICON_NAME = AppIcon;
				ASSETCATALOG_COMPILER_GLOBAL_ACCENT_COLOR_NAME = AccentColor;
				CODE_SIGN_STYLE = Automatic;
				CURRENT_PROJECT_VERSION = 1;
				DEVELOPMENT_ASSET_PATHS = "\"SwiftUITest/Preview Content\"";
				DEVELOPMENT_TEAM = 5SUWMVQHWD;
				ENABLE_PREVIEWS = YES;
				GENERATE_INFOPLIST_FILE = YES;
				INFOPLIST_KEY_UIApplicationSceneManifest_Generation = YES;
				INFOPLIST_KEY_UIApplicationSupportsIndirectInputEvents = YES;
				INFOPLIST_KEY_UILaunchScreen_Generation = YES;
				INFOPLIST_KEY_UISupportedInterfaceOrientations_iPad = "UIInterfaceOrientationPortrait UIInterfaceOrientationPortraitUpsideDown UIInterfaceOrientationLandscapeLeft UIInterfaceOrientationLandscapeRight";
				INFOPLIST_KEY_UISupportedInterfaceOrientations_iPhone = "UIInterfaceOrientationPortrait UIInterfaceOrientationLandscapeLeft UIInterfaceOrientationLandscapeRight";
				IPHONEOS_DEPLOYMENT_TARGET = 17.0;
				LD_RUNPATH_SEARCH_PATHS = (
					"$(inherited)",
					"@executable_path/Frameworks",
				);
				MARKETING_VERSION = 1.0;
				PRODUCT_BUNDLE_IDENTIFIER = yovany.dev.SwiftUITest;
				PRODUCT_NAME = "$(TARGET_NAME)";
				SWIFT_EMIT_LOC_STRINGS = YES;
				SWIFT_VERSION = 5.0;
				TARGETED_DEVICE_FAMILY = "1,2";
			};
			name = Debug;
		};
		6A83D1AA2B24A14F000B1A74 /* Release */ = {
			isa = XCBuildConfiguration;
			buildSettings = {
				ALWAYS_EMBED_SWIFT_STANDARD_LIBRARIES = YES;
				ASSETCATALOG_COMPILER_APPICON_NAME = AppIcon;
				ASSETCATALOG_COMPILER_GLOBAL_ACCENT_COLOR_NAME = AccentColor;
				CODE_SIGN_STYLE = Automatic;
				CURRENT_PROJECT_VERSION = 1;
				DEVELOPMENT_ASSET_PATHS = "\"SwiftUITest/Preview Content\"";
				DEVELOPMENT_TEAM = 5SUWMVQHWD;
				ENABLE_PREVIEWS = YES;
				GENERATE_INFOPLIST_FILE = YES;
				INFOPLIST_KEY_UIApplicationSceneManifest_Generation = YES;
				INFOPLIST_KEY_UIApplicationSupportsIndirectInputEvents = YES;
				INFOPLIST_KEY_UILaunchScreen_Generation = YES;
				INFOPLIST_KEY_UISupportedInterfaceOrientations_iPad = "UIInterfaceOrientationPortrait UIInterfaceOrientationPortraitUpsideDown UIInterfaceOrientationLandscapeLeft UIInterfaceOrientationLandscapeRight";
				INFOPLIST_KEY_UISupportedInterfaceOrientations_iPhone = "UIInterfaceOrientationPortrait UIInterfaceOrientationLandscapeLeft UIInterfaceOrientationLandscapeRight";
				IPHONEOS_DEPLOYMENT_TARGET = 17.0;
				LD_RUNPATH_SEARCH_PATHS = (
					"$(inherited)",
					"@executable_path/Frameworks",
				);
				MARKETING_VERSION = 1.0;
				PRODUCT_BUNDLE_IDENTIFIER = yovany.dev.SwiftUITest;
				PRODUCT_NAME = "$(TARGET_NAME)";
				SWIFT_EMIT_LOC_STRINGS = YES;
				SWIFT_VERSION = 5.0;
				TARGETED_DEVICE_FAMILY = "1,2";
			};
			name = Release;
		};
		6AC0F3962B7CEA8E000A0235 /* Debug */ = {
			isa = XCBuildConfiguration;
			buildSettings = {
				ASSETCATALOG_COMPILER_APPICON_NAME = AppIcon;
				ASSETCATALOG_COMPILER_GENERATE_SWIFT_ASSET_SYMBOL_EXTENSIONS = YES;
				ASSETCATALOG_COMPILER_GLOBAL_ACCENT_COLOR_NAME = AccentColor;
				CODE_SIGN_ENTITLEMENTS = MacLandmarks/MacLandmarks.entitlements;
				CODE_SIGN_STYLE = Automatic;
				COMBINE_HIDPI_IMAGES = YES;
				CURRENT_PROJECT_VERSION = 1;
				DEVELOPMENT_ASSET_PATHS = "\"MacLandmarks/Preview Content\"";
				DEVELOPMENT_TEAM = 5SUWMVQHWD;
				ENABLE_HARDENED_RUNTIME = YES;
				ENABLE_PREVIEWS = YES;
				ENABLE_USER_SCRIPT_SANDBOXING = YES;
				GCC_C_LANGUAGE_STANDARD = gnu17;
				GENERATE_INFOPLIST_FILE = YES;
				INFOPLIST_KEY_NSHumanReadableCopyright = "";
				LD_RUNPATH_SEARCH_PATHS = (
					"$(inherited)",
					"@executable_path/../Frameworks",
				);
				LOCALIZATION_PREFERS_STRING_CATALOGS = YES;
				MACOSX_DEPLOYMENT_TARGET = 14.0;
				MARKETING_VERSION = 1.0;
				PRODUCT_BUNDLE_IDENTIFIER = yovany.dev.MacLandmarks;
				PRODUCT_NAME = "$(TARGET_NAME)";
				SDKROOT = macosx;
				SWIFT_ACTIVE_COMPILATION_CONDITIONS = "DEBUG $(inherited)";
				SWIFT_EMIT_LOC_STRINGS = YES;
				SWIFT_VERSION = 5.0;
			};
			name = Debug;
		};
		6AC0F3972B7CEA8E000A0235 /* Release */ = {
			isa = XCBuildConfiguration;
			buildSettings = {
				ASSETCATALOG_COMPILER_APPICON_NAME = AppIcon;
				ASSETCATALOG_COMPILER_GENERATE_SWIFT_ASSET_SYMBOL_EXTENSIONS = YES;
				ASSETCATALOG_COMPILER_GLOBAL_ACCENT_COLOR_NAME = AccentColor;
				CODE_SIGN_ENTITLEMENTS = MacLandmarks/MacLandmarks.entitlements;
				CODE_SIGN_STYLE = Automatic;
				COMBINE_HIDPI_IMAGES = YES;
				CURRENT_PROJECT_VERSION = 1;
				DEVELOPMENT_ASSET_PATHS = "\"MacLandmarks/Preview Content\"";
				DEVELOPMENT_TEAM = 5SUWMVQHWD;
				ENABLE_HARDENED_RUNTIME = YES;
				ENABLE_PREVIEWS = YES;
				ENABLE_USER_SCRIPT_SANDBOXING = YES;
				GCC_C_LANGUAGE_STANDARD = gnu17;
				GENERATE_INFOPLIST_FILE = YES;
				INFOPLIST_KEY_NSHumanReadableCopyright = "";
				LD_RUNPATH_SEARCH_PATHS = (
					"$(inherited)",
					"@executable_path/../Frameworks",
				);
				LOCALIZATION_PREFERS_STRING_CATALOGS = YES;
				MACOSX_DEPLOYMENT_TARGET = 14.0;
				MARKETING_VERSION = 1.0;
				PRODUCT_BUNDLE_IDENTIFIER = yovany.dev.MacLandmarks;
				PRODUCT_NAME = "$(TARGET_NAME)";
				SDKROOT = macosx;
				SWIFT_EMIT_LOC_STRINGS = YES;
				SWIFT_VERSION = 5.0;
			};
			name = Release;
		};
		6AE0F7D02B74F8D9004B9EFD /* Debug */ = {
			isa = XCBuildConfiguration;
			buildSettings = {
				ASSETCATALOG_COMPILER_APPICON_NAME = AppIcon;
				ASSETCATALOG_COMPILER_GENERATE_SWIFT_ASSET_SYMBOL_EXTENSIONS = YES;
				ASSETCATALOG_COMPILER_GLOBAL_ACCENT_COLOR_NAME = AccentColor;
				CODE_SIGN_STYLE = Automatic;
				CURRENT_PROJECT_VERSION = 1;
				DEVELOPMENT_ASSET_PATHS = "\"WatchLandmarks Watch App/Preview Content\"";
				DEVELOPMENT_TEAM = 5SUWMVQHWD;
				ENABLE_PREVIEWS = YES;
				ENABLE_USER_SCRIPT_SANDBOXING = YES;
				GCC_C_LANGUAGE_STANDARD = gnu17;
				GENERATE_INFOPLIST_FILE = YES;
				INFOPLIST_KEY_CFBundleDisplayName = WatchLandmarks;
				INFOPLIST_KEY_UISupportedInterfaceOrientations = "UIInterfaceOrientationPortrait UIInterfaceOrientationPortraitUpsideDown";
				INFOPLIST_KEY_WKCompanionAppBundleIdentifier = yovany.dev.SwiftUITest;
				INFOPLIST_KEY_WKRunsIndependentlyOfCompanionApp = YES;
				LD_RUNPATH_SEARCH_PATHS = (
					"$(inherited)",
					"@executable_path/Frameworks",
				);
				LOCALIZATION_PREFERS_STRING_CATALOGS = YES;
				MARKETING_VERSION = 1.0;
				PRODUCT_BUNDLE_IDENTIFIER = yovany.dev.SwiftUITest.watchkitapp;
				PRODUCT_NAME = "$(TARGET_NAME)";
				SDKROOT = watchos;
				SKIP_INSTALL = YES;
				SWIFT_ACTIVE_COMPILATION_CONDITIONS = "DEBUG $(inherited)";
				SWIFT_EMIT_LOC_STRINGS = YES;
				SWIFT_VERSION = 5.0;
				TARGETED_DEVICE_FAMILY = 4;
				WATCHOS_DEPLOYMENT_TARGET = 10.0;
			};
			name = Debug;
		};
		6AE0F7D12B74F8D9004B9EFD /* Release */ = {
			isa = XCBuildConfiguration;
			buildSettings = {
				ASSETCATALOG_COMPILER_APPICON_NAME = AppIcon;
				ASSETCATALOG_COMPILER_GENERATE_SWIFT_ASSET_SYMBOL_EXTENSIONS = YES;
				ASSETCATALOG_COMPILER_GLOBAL_ACCENT_COLOR_NAME = AccentColor;
				CODE_SIGN_STYLE = Automatic;
				CURRENT_PROJECT_VERSION = 1;
				DEVELOPMENT_ASSET_PATHS = "\"WatchLandmarks Watch App/Preview Content\"";
				DEVELOPMENT_TEAM = 5SUWMVQHWD;
				ENABLE_PREVIEWS = YES;
				ENABLE_USER_SCRIPT_SANDBOXING = YES;
				GCC_C_LANGUAGE_STANDARD = gnu17;
				GENERATE_INFOPLIST_FILE = YES;
				INFOPLIST_KEY_CFBundleDisplayName = WatchLandmarks;
				INFOPLIST_KEY_UISupportedInterfaceOrientations = "UIInterfaceOrientationPortrait UIInterfaceOrientationPortraitUpsideDown";
				INFOPLIST_KEY_WKCompanionAppBundleIdentifier = yovany.dev.SwiftUITest;
				INFOPLIST_KEY_WKRunsIndependentlyOfCompanionApp = YES;
				LD_RUNPATH_SEARCH_PATHS = (
					"$(inherited)",
					"@executable_path/Frameworks",
				);
				LOCALIZATION_PREFERS_STRING_CATALOGS = YES;
				MARKETING_VERSION = 1.0;
				PRODUCT_BUNDLE_IDENTIFIER = yovany.dev.SwiftUITest.watchkitapp;
				PRODUCT_NAME = "$(TARGET_NAME)";
				SDKROOT = watchos;
				SKIP_INSTALL = YES;
				SWIFT_EMIT_LOC_STRINGS = YES;
				SWIFT_VERSION = 5.0;
				TARGETED_DEVICE_FAMILY = 4;
				WATCHOS_DEPLOYMENT_TARGET = 10.0;
			};
			name = Release;
		};
/* End XCBuildConfiguration section */

/* Begin XCConfigurationList section */
		6A83D1952B24A14E000B1A74 /* Build configuration list for PBXProject "SwiftUITest" */ = {
			isa = XCConfigurationList;
			buildConfigurations = (
				6A83D1A62B24A14F000B1A74 /* Debug */,
				6A83D1A72B24A14F000B1A74 /* Release */,
			);
			defaultConfigurationIsVisible = 0;
			defaultConfigurationName = Release;
		};
		6A83D1A82B24A14F000B1A74 /* Build configuration list for PBXNativeTarget "SwiftUITest" */ = {
			isa = XCConfigurationList;
			buildConfigurations = (
				6A83D1A92B24A14F000B1A74 /* Debug */,
				6A83D1AA2B24A14F000B1A74 /* Release */,
			);
			defaultConfigurationIsVisible = 0;
			defaultConfigurationName = Release;
		};
		6AC0F3982B7CEA8E000A0235 /* Build configuration list for PBXNativeTarget "MacLandmarks" */ = {
			isa = XCConfigurationList;
			buildConfigurations = (
				6AC0F3962B7CEA8E000A0235 /* Debug */,
				6AC0F3972B7CEA8E000A0235 /* Release */,
			);
			defaultConfigurationIsVisible = 0;
			defaultConfigurationName = Release;
		};
		6AE0F7D22B74F8D9004B9EFD /* Build configuration list for PBXNativeTarget "WatchLandmarks Watch App" */ = {
			isa = XCConfigurationList;
			buildConfigurations = (
				6AE0F7D02B74F8D9004B9EFD /* Debug */,
				6AE0F7D12B74F8D9004B9EFD /* Release */,
			);
			defaultConfigurationIsVisible = 0;
			defaultConfigurationName = Release;
		};
/* End XCConfigurationList section */
	};
	rootObject = 6A83D1922B24A14E000B1A74 /* Project object */;
}
